<Solution>
  <Folder Name="/Solution Items/">
    <File Path=".editorconfig" />
  </Folder>
  <Folder Name="/Tests/">
    <Project Path="Tests/Pure.Diagram.RichRelationalModel.Tests/Pure.Diagram.RichRelationalModel.Tests.csproj" />
  </Folder>
  <Project Path="Pure.Diagram.RichRelationalModel/Pure.Diagram.RichRelationalModel.csproj" />
</Solution>
