
Microsoft Visual Studio Solution File, Format Version 12.00
# Visual Studio Version 18
VisualStudioVersion = 18.4.11513.90 insiders
MinimumVisualStudioVersion = 10.0.40219.1
Project("{2150E333-8FDC-42A3-9474-1A3956D46DE8}") = "Solution Items", "Solution Items", "{CE3A95DE-7F39-41D2-B4D8-E0DF187475BC}"
	ProjectSection(SolutionItems) = preProject
		.editorconfig = .editorconfig
	EndProjectSection
EndProject
Project("{FAE04EC0-301F-11D3-BF4B-00C04F79EFBC}") = "Pure.Diagram.RichRelationalModel", "Pure.Diagram.RichRelationalModel\Pure.Diagram.RichRelationalModel.csproj", "{8F9D346A-69FB-477B-BCB4-D585272C3792}"
EndProject
Project("{2150E333-8FDC-42A3-9474-1A3956D46DE8}") = "Tests", "Tests", "{D918E03C-84CA-44FE-AECE-00A1D93E2722}"
EndProject
Project("{FAE04EC0-301F-11D3-BF4B-00C04F79EFBC}") = "Pure.Diagram.RichRelationalModel.Tests", "Tests\Pure.Diagram.RichRelationalModel.Tests\Pure.Diagram.RichRelationalModel.Tests.csproj", "{63A1C11D-E418-4C34-8FF6-E014E3A50426}"
EndProject
Global
	GlobalSection(SolutionConfigurationPlatforms) = preSolution
		Debug|Any CPU = Debug|Any CPU
		Release|Any CPU = Release|Any CPU
	EndGlobalSection
	GlobalSection(ProjectConfigurationPlatforms) = postSolution
		{8F9D346A-69FB-477B-BCB4-D585272C3792}.Debug|Any CPU.ActiveCfg = Debug|Any CPU
		{8F9D346A-69FB-477B-BCB4-D585272C3792}.Debug|Any CPU.Build.0 = Debug|Any CPU
		{8F9D346A-69FB-477B-BCB4-D585272C3792}.Release|Any CPU.ActiveCfg = Release|Any CPU
		{8F9D346A-69FB-477B-BCB4-D585272C3792}.Release|Any CPU.Build.0 = Release|Any CPU
		{63A1C11D-E418-4C34-8FF6-E014E3A50426}.Debug|Any CPU.ActiveCfg = Debug|Any CPU
		{63A1C11D-E418-4C34-8FF6-E014E3A50426}.Debug|Any CPU.Build.0 = Debug|Any CPU
		{63A1C11D-E418-4C34-8FF6-E014E3A50426}.Release|Any CPU.ActiveCfg = Release|Any CPU
		{63A1C11D-E418-4C34-8FF6-E014E3A50426}.Release|Any CPU.Build.0 = Release|Any CPU
	EndGlobalSection
	GlobalSection(SolutionProperties) = preSolution
		HideSolutionNode = FALSE
	EndGlobalSection
	GlobalSection(NestedProjects) = preSolution
		{63A1C11D-E418-4C34-8FF6-E014E3A50426} = {D918E03C-84CA-44FE-AECE-00A1D93E2722}
	EndGlobalSection
EndGlobal
